
Microsoft Visual Studio Solution File, Format Version 12.00
# Visual Studio Version 16
VisualStudioVersion = 16.0.31424.327
MinimumVisualStudioVersion = 10.0.40219.1
Project("{9A19103F-16F7-4668-BE54-9A1E7A4F7556}") = "Pezza", "Pezza.csproj", "{4ABC5912-CD58-4C05-AE53-3BB25F20E8A0}"
EndProject
Project("{2150E333-8FDC-42A3-9474-1A3956D46DE8}") = "01 Apis", "01 Apis", "{D6591191-6509-40B0-B4AA-57A5C011FEAF}"
EndProject
Project("{2150E333-8FDC-42A3-9474-1A3956D46DE8}") = "03 Database", "03 Database", "{EF300132-06AF-449D-A8B3-C9A33426B1B7}"
EndProject
Project("{9A19103F-16F7-4668-BE54-9A1E7A4F7556}") = "Pezza.DataAccess", "..\Pezza.DataAccess\Pezza.DataAccess.csproj", "{959F8CE3-266C-4E04-9481-D27949EEE827}"
EndProject
Project("{9A19103F-16F7-4668-BE54-9A1E7A4F7556}") = "Pezza.DataAccess.Contracts", "..\Pezza.DataAccess.Contracts\Pezza.DataAccess.Contracts.csproj", "{524BDAD6-C206-4F43-8E20-58F838687053}"
EndProject
Project("{2150E333-8FDC-42A3-9474-1A3956D46DE8}") = "02 Common", "02 Common", "{AB120BC2-344B-4A3B-9606-12CF4B31FEFA}"
EndProject
Project("{FAE04EC0-301F-11D3-BF4B-00C04F79EFBC}") = "Pezza.Common", "..\Pezza.Common\Pezza.Common.csproj", "{6AAA89DE-CE5A-4B6D-8FA8-30AE1F559CC9}"
EndProject
Project("{FAE04EC0-301F-11D3-BF4B-00C04F79EFBC}") = "Pezza.API", "..\Pezza.API\Pezza.API.csproj", "{D0BAEF52-344D-4D49-87BA-19280A023F0C}"
EndProject
Global
	GlobalSection(SolutionConfigurationPlatforms) = preSolution
		Debug|Any CPU = Debug|Any CPU
		Release|Any CPU = Release|Any CPU
	EndGlobalSection
	GlobalSection(ProjectConfigurationPlatforms) = postSolution
		{4ABC5912-CD58-4C05-AE53-3BB25F20E8A0}.Debug|Any CPU.ActiveCfg = Debug|Any CPU
		{4ABC5912-CD58-4C05-AE53-3BB25F20E8A0}.Debug|Any CPU.Build.0 = Debug|Any CPU
		{4ABC5912-CD58-4C05-AE53-3BB25F20E8A0}.Release|Any CPU.ActiveCfg = Release|Any CPU
		{4ABC5912-CD58-4C05-AE53-3BB25F20E8A0}.Release|Any CPU.Build.0 = Release|Any CPU
		{959F8CE3-266C-4E04-9481-D27949EEE827}.Debug|Any CPU.ActiveCfg = Debug|Any CPU
		{959F8CE3-266C-4E04-9481-D27949EEE827}.Debug|Any CPU.Build.0 = Debug|Any CPU
		{959F8CE3-266C-4E04-9481-D27949EEE827}.Release|Any CPU.ActiveCfg = Release|Any CPU
		{959F8CE3-266C-4E04-9481-D27949EEE827}.Release|Any CPU.Build.0 = Release|Any CPU
		{524BDAD6-C206-4F43-8E20-58F838687053}.Debug|Any CPU.ActiveCfg = Debug|Any CPU
		{524BDAD6-C206-4F43-8E20-58F838687053}.Debug|Any CPU.Build.0 = Debug|Any CPU
		{524BDAD6-C206-4F43-8E20-58F838687053}.Release|Any CPU.ActiveCfg = Release|Any CPU
		{524BDAD6-C206-4F43-8E20-58F838687053}.Release|Any CPU.Build.0 = Release|Any CPU
		{6AAA89DE-CE5A-4B6D-8FA8-30AE1F559CC9}.Debug|Any CPU.ActiveCfg = Debug|Any CPU
		{6AAA89DE-CE5A-4B6D-8FA8-30AE1F559CC9}.Debug|Any CPU.Build.0 = Debug|Any CPU
		{6AAA89DE-CE5A-4B6D-8FA8-30AE1F559CC9}.Release|Any CPU.ActiveCfg = Release|Any CPU
		{6AAA89DE-CE5A-4B6D-8FA8-30AE1F559CC9}.Release|Any CPU.Build.0 = Release|Any CPU
		{D0BAEF52-344D-4D49-87BA-19280A023F0C}.Debug|Any CPU.ActiveCfg = Debug|Any CPU
		{D0BAEF52-344D-4D49-87BA-19280A023F0C}.Debug|Any CPU.Build.0 = Debug|Any CPU
		{D0BAEF52-344D-4D49-87BA-19280A023F0C}.Release|Any CPU.ActiveCfg = Release|Any CPU
		{D0BAEF52-344D-4D49-87BA-19280A023F0C}.Release|Any CPU.Build.0 = Release|Any CPU
	EndGlobalSection
	GlobalSection(SolutionProperties) = preSolution
		HideSolutionNode = FALSE
	EndGlobalSection
	GlobalSection(NestedProjects) = preSolution
		{4ABC5912-CD58-4C05-AE53-3BB25F20E8A0} = {D6591191-6509-40B0-B4AA-57A5C011FEAF}
		{959F8CE3-266C-4E04-9481-D27949EEE827} = {EF300132-06AF-449D-A8B3-C9A33426B1B7}
		{524BDAD6-C206-4F43-8E20-58F838687053} = {EF300132-06AF-449D-A8B3-C9A33426B1B7}
		{6AAA89DE-CE5A-4B6D-8FA8-30AE1F559CC9} = {AB120BC2-344B-4A3B-9606-12CF4B31FEFA}
		{D0BAEF52-344D-4D49-87BA-19280A023F0C} = {D6591191-6509-40B0-B4AA-57A5C011FEAF}
	EndGlobalSection
	GlobalSection(ExtensibilityGlobals) = postSolution
		SolutionGuid = {FE946B3C-9CD0-4505-A7D9-15A34AB1D707}
	EndGlobalSection
EndGlobal
